// !$*UTF8*$!
{
	archiveVersion = 1;
	classes = {
	};
	objectVersion = 51;
	objects = {

/* Begin PBXBuildFile section */
		328DDEB373D39202570E9734 /* Pods_my_commerce_my_commerceUITests.framework in Frameworks */ = {isa = PBXBuildFile; fileRef = B9540FE7212D5F3F04D14583 /* Pods_my_commerce_my_commerceUITests.framework */; };
		574312F0243B600700F95F96 /* AppDelegate.swift in Sources */ = {isa = PBXBuildFile; fileRef = 574312EF243B600700F95F96 /* AppDelegate.swift */; };
		574312F2243B600700F95F96 /* SceneDelegate.swift in Sources */ = {isa = PBXBuildFile; fileRef = 574312F1243B600700F95F96 /* SceneDelegate.swift */; };
		574312F4243B600700F95F96 /* HomeViewController.swift in Sources */ = {isa = PBXBuildFile; fileRef = 574312F3243B600700F95F96 /* HomeViewController.swift */; };
		574312F7243B600700F95F96 /* Main.storyboard in Resources */ = {isa = PBXBuildFile; fileRef = 574312F5243B600700F95F96 /* Main.storyboard */; };
		574312F9243B600900F95F96 /* Assets.xcassets in Resources */ = {isa = PBXBuildFile; fileRef = 574312F8243B600900F95F96 /* Assets.xcassets */; };
		574312FC243B600900F95F96 /* LaunchScreen.storyboard in Resources */ = {isa = PBXBuildFile; fileRef = 574312FA243B600900F95F96 /* LaunchScreen.storyboard */; };
		5743130C243B632600F95F96 /* Category + Product Model.swift in Sources */ = {isa = PBXBuildFile; fileRef = 5743130B243B632600F95F96 /* Category + Product Model.swift */; };
		57431315243B668900F95F96 /* my_commerceUITests.swift in Sources */ = {isa = PBXBuildFile; fileRef = 57431314243B668900F95F96 /* my_commerceUITests.swift */; };
		5743132B243B66D700F95F96 /* APIManager + Dependencies.swift in Sources */ = {isa = PBXBuildFile; fileRef = 5743132A243B66D700F95F96 /* APIManager + Dependencies.swift */; };
		5743132D243B6A0900F95F96 /* Requestable.swift in Sources */ = {isa = PBXBuildFile; fileRef = 5743132C243B6A0900F95F96 /* Requestable.swift */; };
		57431331243B6A3E00F95F96 /* Enums.swift in Sources */ = {isa = PBXBuildFile; fileRef = 57431330243B6A3E00F95F96 /* Enums.swift */; };
		57431333243B71EB00F95F96 /* APIRequest.swift in Sources */ = {isa = PBXBuildFile; fileRef = 57431332243B71EB00F95F96 /* APIRequest.swift */; };
		57431335243B759300F95F96 /* CommonProtocols.swift in Sources */ = {isa = PBXBuildFile; fileRef = 57431334243B759300F95F96 /* CommonProtocols.swift */; };
		57431338243B75E600F95F96 /* HomeViewModel.swift in Sources */ = {isa = PBXBuildFile; fileRef = 57431337243B75E600F95F96 /* HomeViewModel.swift */; };
		5743133A243C170200F95F96 /* LoginViewController.swift in Sources */ = {isa = PBXBuildFile; fileRef = 57431339243C170200F95F96 /* LoginViewController.swift */; };
		5743133C243C1FD500F95F96 /* SearchViewController.swift in Sources */ = {isa = PBXBuildFile; fileRef = 5743133B243C1FD500F95F96 /* SearchViewController.swift */; };
		5743133E243C26B800F95F96 /* CategoryCell.swift in Sources */ = {isa = PBXBuildFile; fileRef = 5743133D243C26B800F95F96 /* CategoryCell.swift */; };
		57431340243C28AF00F95F96 /* ProductCell.swift in Sources */ = {isa = PBXBuildFile; fileRef = 5743133F243C28AF00F95F96 /* ProductCell.swift */; };
		57431345243C438600F95F96 /* ImageDownloader.swift in Sources */ = {isa = PBXBuildFile; fileRef = 57431344243C438600F95F96 /* ImageDownloader.swift */; };
		57431347243CA60B00F95F96 /* ProductWithSmallIconCell.swift in Sources */ = {isa = PBXBuildFile; fileRef = 57431346243CA60A00F95F96 /* ProductWithSmallIconCell.swift */; };
		57431349243CA70C00F95F96 /* SearchViewModel.swift in Sources */ = {isa = PBXBuildFile; fileRef = 57431348243CA70C00F95F96 /* SearchViewModel.swift */; };
		5743134C243CAE2C00F95F96 /* UIViewController + Extensions.swift in Sources */ = {isa = PBXBuildFile; fileRef = 5743134B243CAE2C00F95F96 /* UIViewController + Extensions.swift */; };
		5743134E243CB21F00F95F96 /* DetailViewController.swift in Sources */ = {isa = PBXBuildFile; fileRef = 5743134D243CB21F00F95F96 /* DetailViewController.swift */; };
		57431350243CB39B00F95F96 /* ProfileViewController.swift in Sources */ = {isa = PBXBuildFile; fileRef = 5743134F243CB39B00F95F96 /* ProfileViewController.swift */; };
		57431352243CB48C00F95F96 /* PurchasedHistoryViewController.swift in Sources */ = {isa = PBXBuildFile; fileRef = 57431351243CB48C00F95F96 /* PurchasedHistoryViewController.swift */; };
		57431354243CB8BC00F95F96 /* TabBarViewController.swift in Sources */ = {isa = PBXBuildFile; fileRef = 57431353243CB8BC00F95F96 /* TabBarViewController.swift */; };
		57431356243CC90200F95F96 /* UIView + Extensions.swift in Sources */ = {isa = PBXBuildFile; fileRef = 57431355243CC90200F95F96 /* UIView + Extensions.swift */; };
		57431358243CCD9600F95F96 /* UISearchBar + Extensions.swift in Sources */ = {isa = PBXBuildFile; fileRef = 57431357243CCD9600F95F96 /* UISearchBar + Extensions.swift */; };
		5743135A243D84BE00F95F96 /* ProductWithSmallIconCell.xib in Resources */ = {isa = PBXBuildFile; fileRef = 57431359243D84BE00F95F96 /* ProductWithSmallIconCell.xib */; };
		5743135D243D8D6B00F95F96 /* UserDefaults.swift in Sources */ = {isa = PBXBuildFile; fileRef = 5743135C243D8D6B00F95F96 /* UserDefaults.swift */; };
		5743135F243D9B5200F95F96 /* DetailViewModel.swift in Sources */ = {isa = PBXBuildFile; fileRef = 5743135E243D9B5200F95F96 /* DetailViewModel.swift */; };
		57431361243DA9E100F95F96 /* PurchasedHistoryViewModel.swift in Sources */ = {isa = PBXBuildFile; fileRef = 57431360243DA9E100F95F96 /* PurchasedHistoryViewModel.swift */; };
		57431364243DC09600F95F96 /* Utility.swift in Sources */ = {isa = PBXBuildFile; fileRef = 57431363243DC09600F95F96 /* Utility.swift */; };
		57431368243DDFCF00F95F96 /* Pods_my_commerce.framework in Frameworks */ = {isa = PBXBuildFile; fileRef = B7EB9EFEE0B5048ED2922AD9 /* Pods_my_commerce.framework */; };
		57712DB4243E089500D56A9D /* GoogleService-Info.plist in Resources */ = {isa = PBXBuildFile; fileRef = 57712DB3243E089500D56A9D /* GoogleService-Info.plist */; };
		57712DB8243EC45200D56A9D /* HomeViewModelTests.swift in Sources */ = {isa = PBXBuildFile; fileRef = 57712DB7243EC45200D56A9D /* HomeViewModelTests.swift */; };
		57712DBA243ECD4600D56A9D /* SearchViewModelTests.swift in Sources */ = {isa = PBXBuildFile; fileRef = 57712DB9243ECD4600D56A9D /* SearchViewModelTests.swift */; };
		57712DBC243ED2A000D56A9D /* DetailViewModelTests.swift in Sources */ = {isa = PBXBuildFile; fileRef = 57712DBB243ED2A000D56A9D /* DetailViewModelTests.swift */; };
		57712DBE243EDBFA00D56A9D /* PurchasedHistoryViewModelTests.swift in Sources */ = {isa = PBXBuildFile; fileRef = 57712DBD243EDBFA00D56A9D /* PurchasedHistoryViewModelTests.swift */; };
		F124E2B5EC08950024D662CE /* Pods_my_commerceTests.framework in Frameworks */ = {isa = PBXBuildFile; fileRef = 92E7058C412FD38216962DD3 /* Pods_my_commerceTests.framework */; };
/* End PBXBuildFile section */

/* Begin PBXContainerItemProxy section */
		57431317243B668900F95F96 /* PBXContainerItemProxy */ = {
			isa = PBXContainerItemProxy;
			containerPortal = 574312E4243B600700F95F96 /* Project object */;
			proxyType = 1;
			remoteGlobalIDString = 574312EB243B600700F95F96;
			remoteInfo = "my-commerce";
		};
		57431325243B66A300F95F96 /* PBXContainerItemProxy */ = {
			isa = PBXContainerItemProxy;
			containerPortal = 574312E4243B600700F95F96 /* Project object */;
			proxyType = 1;
			remoteGlobalIDString = 574312EB243B600700F95F96;
			remoteInfo = "my-commerce";
		};
/* End PBXContainerItemProxy section */

/* Begin PBXFileReference section */
		04504B113D19D1F2789516CE /* Pods-my-commerce.debug.xcconfig */ = {isa = PBXFileReference; includeInIndex = 1; lastKnownFileType = text.xcconfig; name = "Pods-my-commerce.debug.xcconfig"; path = "Target Support Files/Pods-my-commerce/Pods-my-commerce.debug.xcconfig"; sourceTree = "<group>"; };
		574312EC243B600700F95F96 /* my-commerce.app */ = {isa = PBXFileReference; explicitFileType = wrapper.application; includeInIndex = 0; path = "my-commerce.app"; sourceTree = BUILT_PRODUCTS_DIR; };
		574312EF243B600700F95F96 /* AppDelegate.swift */ = {isa = PBXFileReference; lastKnownFileType = sourcecode.swift; path = AppDelegate.swift; sourceTree = "<group>"; };
		574312F1243B600700F95F96 /* SceneDelegate.swift */ = {isa = PBXFileReference; lastKnownFileType = sourcecode.swift; path = SceneDelegate.swift; sourceTree = "<group>"; };
		574312F3243B600700F95F96 /* HomeViewController.swift */ = {isa = PBXFileReference; lastKnownFileType = sourcecode.swift; path = HomeViewController.swift; sourceTree = "<group>"; };
		574312F6243B600700F95F96 /* Base */ = {isa = PBXFileReference; lastKnownFileType = file.storyboard; name = Base; path = Base.lproj/Main.storyboard; sourceTree = "<group>"; };
		574312F8243B600900F95F96 /* Assets.xcassets */ = {isa = PBXFileReference; lastKnownFileType = folder.assetcatalog; path = Assets.xcassets; sourceTree = "<group>"; };
		574312FB243B600900F95F96 /* Base */ = {isa = PBXFileReference; lastKnownFileType = file.storyboard; name = Base; path = Base.lproj/LaunchScreen.storyboard; sourceTree = "<group>"; };
		574312FD243B600900F95F96 /* Info.plist */ = {isa = PBXFileReference; lastKnownFileType = text.plist.xml; path = Info.plist; sourceTree = "<group>"; };
		5743130B243B632600F95F96 /* Category + Product Model.swift */ = {isa = PBXFileReference; lastKnownFileType = sourcecode.swift; path = "Category + Product Model.swift"; sourceTree = "<group>"; };
		57431312243B668900F95F96 /* my-commerceUITests.xctest */ = {isa = PBXFileReference; explicitFileType = wrapper.cfbundle; includeInIndex = 0; path = "my-commerceUITests.xctest"; sourceTree = BUILT_PRODUCTS_DIR; };
		57431314243B668900F95F96 /* my_commerceUITests.swift */ = {isa = PBXFileReference; lastKnownFileType = sourcecode.swift; path = my_commerceUITests.swift; sourceTree = "<group>"; };
		57431316243B668900F95F96 /* Info.plist */ = {isa = PBXFileReference; lastKnownFileType = text.plist.xml; path = Info.plist; sourceTree = "<group>"; };
		57431320243B66A300F95F96 /* my-commerceTests.xctest */ = {isa = PBXFileReference; explicitFileType = wrapper.cfbundle; includeInIndex = 0; path = "my-commerceTests.xctest"; sourceTree = BUILT_PRODUCTS_DIR; };
		57431324243B66A300F95F96 /* Info.plist */ = {isa = PBXFileReference; lastKnownFileType = text.plist.xml; path = Info.plist; sourceTree = "<group>"; };
		5743132A243B66D700F95F96 /* APIManager + Dependencies.swift */ = {isa = PBXFileReference; lastKnownFileType = sourcecode.swift; path = "APIManager + Dependencies.swift"; sourceTree = "<group>"; };
		5743132C243B6A0900F95F96 /* Requestable.swift */ = {isa = PBXFileReference; lastKnownFileType = sourcecode.swift; path = Requestable.swift; sourceTree = "<group>"; };
		57431330243B6A3E00F95F96 /* Enums.swift */ = {isa = PBXFileReference; lastKnownFileType = sourcecode.swift; path = Enums.swift; sourceTree = "<group>"; };
		57431332243B71EB00F95F96 /* APIRequest.swift */ = {isa = PBXFileReference; lastKnownFileType = sourcecode.swift; path = APIRequest.swift; sourceTree = "<group>"; };
		57431334243B759300F95F96 /* CommonProtocols.swift */ = {isa = PBXFileReference; lastKnownFileType = sourcecode.swift; path = CommonProtocols.swift; sourceTree = "<group>"; };
		57431337243B75E600F95F96 /* HomeViewModel.swift */ = {isa = PBXFileReference; lastKnownFileType = sourcecode.swift; path = HomeViewModel.swift; sourceTree = "<group>"; };
		57431339243C170200F95F96 /* LoginViewController.swift */ = {isa = PBXFileReference; lastKnownFileType = sourcecode.swift; path = LoginViewController.swift; sourceTree = "<group>"; };
		5743133B243C1FD500F95F96 /* SearchViewController.swift */ = {isa = PBXFileReference; lastKnownFileType = sourcecode.swift; path = SearchViewController.swift; sourceTree = "<group>"; };
		5743133D243C26B800F95F96 /* CategoryCell.swift */ = {isa = PBXFileReference; lastKnownFileType = sourcecode.swift; path = CategoryCell.swift; sourceTree = "<group>"; };
		5743133F243C28AF00F95F96 /* ProductCell.swift */ = {isa = PBXFileReference; lastKnownFileType = sourcecode.swift; path = ProductCell.swift; sourceTree = "<group>"; };
		57431344243C438600F95F96 /* ImageDownloader.swift */ = {isa = PBXFileReference; lastKnownFileType = sourcecode.swift; path = ImageDownloader.swift; sourceTree = "<group>"; };
		57431346243CA60A00F95F96 /* ProductWithSmallIconCell.swift */ = {isa = PBXFileReference; lastKnownFileType = sourcecode.swift; path = ProductWithSmallIconCell.swift; sourceTree = "<group>"; };
		57431348243CA70C00F95F96 /* SearchViewModel.swift */ = {isa = PBXFileReference; lastKnownFileType = sourcecode.swift; path = SearchViewModel.swift; sourceTree = "<group>"; };
		5743134B243CAE2C00F95F96 /* UIViewController + Extensions.swift */ = {isa = PBXFileReference; lastKnownFileType = sourcecode.swift; path = "UIViewController + Extensions.swift"; sourceTree = "<group>"; };
		5743134D243CB21F00F95F96 /* DetailViewController.swift */ = {isa = PBXFileReference; lastKnownFileType = sourcecode.swift; path = DetailViewController.swift; sourceTree = "<group>"; };
		5743134F243CB39B00F95F96 /* ProfileViewController.swift */ = {isa = PBXFileReference; lastKnownFileType = sourcecode.swift; path = ProfileViewController.swift; sourceTree = "<group>"; };
		57431351243CB48C00F95F96 /* PurchasedHistoryViewController.swift */ = {isa = PBXFileReference; lastKnownFileType = sourcecode.swift; path = PurchasedHistoryViewController.swift; sourceTree = "<group>"; };
		57431353243CB8BC00F95F96 /* TabBarViewController.swift */ = {isa = PBXFileReference; lastKnownFileType = sourcecode.swift; path = TabBarViewController.swift; sourceTree = "<group>"; };
		57431355243CC90200F95F96 /* UIView + Extensions.swift */ = {isa = PBXFileReference; lastKnownFileType = sourcecode.swift; path = "UIView + Extensions.swift"; sourceTree = "<group>"; };
		57431357243CCD9600F95F96 /* UISearchBar + Extensions.swift */ = {isa = PBXFileReference; lastKnownFileType = sourcecode.swift; path = "UISearchBar + Extensions.swift"; sourceTree = "<group>"; };
		57431359243D84BE00F95F96 /* ProductWithSmallIconCell.xib */ = {isa = PBXFileReference; lastKnownFileType = file.xib; path = ProductWithSmallIconCell.xib; sourceTree = "<group>"; };
		5743135C243D8D6B00F95F96 /* UserDefaults.swift */ = {isa = PBXFileReference; lastKnownFileType = sourcecode.swift; path = UserDefaults.swift; sourceTree = "<group>"; };
		5743135E243D9B5200F95F96 /* DetailViewModel.swift */ = {isa = PBXFileReference; lastKnownFileType = sourcecode.swift; path = DetailViewModel.swift; sourceTree = "<group>"; };
		57431360243DA9E100F95F96 /* PurchasedHistoryViewModel.swift */ = {isa = PBXFileReference; lastKnownFileType = sourcecode.swift; path = PurchasedHistoryViewModel.swift; sourceTree = "<group>"; };
		57431363243DC09600F95F96 /* Utility.swift */ = {isa = PBXFileReference; lastKnownFileType = sourcecode.swift; path = Utility.swift; sourceTree = "<group>"; };
		57712DA4243DF3CA00D56A9D /* GTMSessionFetcher.framework */ = {isa = PBXFileReference; explicitFileType = wrapper.framework; path = GTMSessionFetcher.framework; sourceTree = BUILT_PRODUCTS_DIR; };
		57712DA8243DF3E900D56A9D /* GTMSessionFetcher.framework */ = {isa = PBXFileReference; explicitFileType = wrapper.framework; path = GTMSessionFetcher.framework; sourceTree = BUILT_PRODUCTS_DIR; };
		57712DAF243DF4FB00D56A9D /* FirebaseAuth.framework */ = {isa = PBXFileReference; explicitFileType = wrapper.framework; path = FirebaseAuth.framework; sourceTree = BUILT_PRODUCTS_DIR; };
		57712DB3243E089500D56A9D /* GoogleService-Info.plist */ = {isa = PBXFileReference; fileEncoding = 4; lastKnownFileType = text.plist.xml; path = "GoogleService-Info.plist"; sourceTree = "<group>"; };
		57712DB7243EC45200D56A9D /* HomeViewModelTests.swift */ = {isa = PBXFileReference; lastKnownFileType = sourcecode.swift; path = HomeViewModelTests.swift; sourceTree = "<group>"; };
		57712DB9243ECD4600D56A9D /* SearchViewModelTests.swift */ = {isa = PBXFileReference; lastKnownFileType = sourcecode.swift; path = SearchViewModelTests.swift; sourceTree = "<group>"; };
		57712DBB243ED2A000D56A9D /* DetailViewModelTests.swift */ = {isa = PBXFileReference; lastKnownFileType = sourcecode.swift; path = DetailViewModelTests.swift; sourceTree = "<group>"; };
		57712DBD243EDBFA00D56A9D /* PurchasedHistoryViewModelTests.swift */ = {isa = PBXFileReference; lastKnownFileType = sourcecode.swift; path = PurchasedHistoryViewModelTests.swift; sourceTree = "<group>"; };
		64E6C8551679A54AF3B5BF0A /* Pods-my-commerce.release.xcconfig */ = {isa = PBXFileReference; includeInIndex = 1; lastKnownFileType = text.xcconfig; name = "Pods-my-commerce.release.xcconfig"; path = "Target Support Files/Pods-my-commerce/Pods-my-commerce.release.xcconfig"; sourceTree = "<group>"; };
		6E785FE8C3CF8DC537684A07 /* Pods-my-commerceTests.debug.xcconfig */ = {isa = PBXFileReference; includeInIndex = 1; lastKnownFileType = text.xcconfig; name = "Pods-my-commerceTests.debug.xcconfig"; path = "Target Support Files/Pods-my-commerceTests/Pods-my-commerceTests.debug.xcconfig"; sourceTree = "<group>"; };
		92E7058C412FD38216962DD3 /* Pods_my_commerceTests.framework */ = {isa = PBXFileReference; explicitFileType = wrapper.framework; includeInIndex = 0; path = Pods_my_commerceTests.framework; sourceTree = BUILT_PRODUCTS_DIR; };
		A3DF00BAFA88103B1034E30B /* Pods-my-commerce-my-commerceUITests.debug.xcconfig */ = {isa = PBXFileReference; includeInIndex = 1; lastKnownFileType = text.xcconfig; name = "Pods-my-commerce-my-commerceUITests.debug.xcconfig"; path = "Target Support Files/Pods-my-commerce-my-commerceUITests/Pods-my-commerce-my-commerceUITests.debug.xcconfig"; sourceTree = "<group>"; };
		B42C720FC6870C05C91420AE /* Pods-my-commerceTests.release.xcconfig */ = {isa = PBXFileReference; includeInIndex = 1; lastKnownFileType = text.xcconfig; name = "Pods-my-commerceTests.release.xcconfig"; path = "Target Support Files/Pods-my-commerceTests/Pods-my-commerceTests.release.xcconfig"; sourceTree = "<group>"; };
		B7EB9EFEE0B5048ED2922AD9 /* Pods_my_commerce.framework */ = {isa = PBXFileReference; explicitFileType = wrapper.framework; includeInIndex = 0; path = Pods_my_commerce.framework; sourceTree = BUILT_PRODUCTS_DIR; };
		B9540FE7212D5F3F04D14583 /* Pods_my_commerce_my_commerceUITests.framework */ = {isa = PBXFileReference; explicitFileType = wrapper.framework; includeInIndex = 0; path = Pods_my_commerce_my_commerceUITests.framework; sourceTree = BUILT_PRODUCTS_DIR; };
		D1DD3A8BF0D912BFEE5B77A9 /* Pods-my-commerce-my-commerceUITests.release.xcconfig */ = {isa = PBXFileReference; includeInIndex = 1; lastKnownFileType = text.xcconfig; name = "Pods-my-commerce-my-commerceUITests.release.xcconfig"; path = "Target Support Files/Pods-my-commerce-my-commerceUITests/Pods-my-commerce-my-commerceUITests.release.xcconfig"; sourceTree = "<group>"; };
/* End PBXFileReference section */

/* Begin PBXFrameworksBuildPhase section */
		574312E9243B600700F95F96 /* Frameworks */ = {
			isa = PBXFrameworksBuildPhase;
			buildActionMask = 2147483647;
			files = (
				57431368243DDFCF00F95F96 /* Pods_my_commerce.framework in Frameworks */,
			);
			runOnlyForDeploymentPostprocessing = 0;
		};
		5743130F243B668900F95F96 /* Frameworks */ = {
			isa = PBXFrameworksBuildPhase;
			buildActionMask = 2147483647;
			files = (
				328DDEB373D39202570E9734 /* Pods_my_commerce_my_commerceUITests.framework in Frameworks */,
			);
			runOnlyForDeploymentPostprocessing = 0;
		};
		5743131D243B66A300F95F96 /* Frameworks */ = {
			isa = PBXFrameworksBuildPhase;
			buildActionMask = 2147483647;
			files = (
				F124E2B5EC08950024D662CE /* Pods_my_commerceTests.framework in Frameworks */,
			);
			runOnlyForDeploymentPostprocessing = 0;
		};
/* End PBXFrameworksBuildPhase section */

/* Begin PBXGroup section */
		574312E3243B600700F95F96 = {
			isa = PBXGroup;
			children = (
				574312EE243B600700F95F96 /* my-commerce */,
				57431313243B668900F95F96 /* my-commerceUITests */,
				57431321243B66A300F95F96 /* my-commerceTests */,
				574312ED243B600700F95F96 /* Products */,
				F40C2C2268390C5A4B19E1B3 /* Pods */,
				D01E817DBCD3DA3581260605 /* Frameworks */,
			);
			sourceTree = "<group>";
		};
		574312ED243B600700F95F96 /* Products */ = {
			isa = PBXGroup;
			children = (
				574312EC243B600700F95F96 /* my-commerce.app */,
				57431312243B668900F95F96 /* my-commerceUITests.xctest */,
				57431320243B66A300F95F96 /* my-commerceTests.xctest */,
			);
			name = Products;
			sourceTree = "<group>";
		};
		574312EE243B600700F95F96 /* my-commerce */ = {
			isa = PBXGroup;
			children = (
				57431304243B620600F95F96 /* Common */,
				57431303243B61FB00F95F96 /* Service */,
				57431306243B628200F95F96 /* Model */,
				57431307243B628800F95F96 /* ViewModel */,
				57431308243B629000F95F96 /* View */,
				574312EF243B600700F95F96 /* AppDelegate.swift */,
				574312F1243B600700F95F96 /* SceneDelegate.swift */,
				574312F5243B600700F95F96 /* Main.storyboard */,
				574312F8243B600900F95F96 /* Assets.xcassets */,
				574312FA243B600900F95F96 /* LaunchScreen.storyboard */,
				574312FD243B600900F95F96 /* Info.plist */,
				57712DB3243E089500D56A9D /* GoogleService-Info.plist */,
			);
			path = "my-commerce";
			sourceTree = "<group>";
		};
		57431303243B61FB00F95F96 /* Service */ = {
			isa = PBXGroup;
			children = (
				57431332243B71EB00F95F96 /* APIRequest.swift */,
				5743130D243B660800F95F96 /* APIManagers */,
			);
			path = Service;
			sourceTree = "<group>";
		};
		57431304243B620600F95F96 /* Common */ = {
			isa = PBXGroup;
			children = (
				57431362243DC07F00F95F96 /* Utility */,
				5743134A243CAE1A00F95F96 /* Extensions */,
				57431341243C436100F95F96 /* Classes */,
				5743132E243B6A2800F95F96 /* Enums */,
				5743135B243D8D4F00F95F96 /* UserDefaults */,
				57431336243B759700F95F96 /* Protocol */,
			);
			path = Common;
			sourceTree = "<group>";
		};
		57431306243B628200F95F96 /* Model */ = {
			isa = PBXGroup;
			children = (
				5743130B243B632600F95F96 /* Category + Product Model.swift */,
			);
			path = Model;
			sourceTree = "<group>";
		};
		57431307243B628800F95F96 /* ViewModel */ = {
			isa = PBXGroup;
			children = (
				57431337243B75E600F95F96 /* HomeViewModel.swift */,
				57431348243CA70C00F95F96 /* SearchViewModel.swift */,
				5743135E243D9B5200F95F96 /* DetailViewModel.swift */,
				57431360243DA9E100F95F96 /* PurchasedHistoryViewModel.swift */,
			);
			path = ViewModel;
			sourceTree = "<group>";
		};
		57431308243B629000F95F96 /* View */ = {
			isa = PBXGroup;
			children = (
				57431309243B629700F95F96 /* Controller */,
				5743130A243B629D00F95F96 /* Cell */,
			);
			path = View;
			sourceTree = "<group>";
		};
		57431309243B629700F95F96 /* Controller */ = {
			isa = PBXGroup;
			children = (
				57431339243C170200F95F96 /* LoginViewController.swift */,
				57431353243CB8BC00F95F96 /* TabBarViewController.swift */,
				574312F3243B600700F95F96 /* HomeViewController.swift */,
				5743133B243C1FD500F95F96 /* SearchViewController.swift */,
				5743134D243CB21F00F95F96 /* DetailViewController.swift */,
				5743134F243CB39B00F95F96 /* ProfileViewController.swift */,
				57431351243CB48C00F95F96 /* PurchasedHistoryViewController.swift */,
			);
			path = Controller;
			sourceTree = "<group>";
		};
		5743130A243B629D00F95F96 /* Cell */ = {
			isa = PBXGroup;
			children = (
				5743133D243C26B800F95F96 /* CategoryCell.swift */,
				5743133F243C28AF00F95F96 /* ProductCell.swift */,
				57431346243CA60A00F95F96 /* ProductWithSmallIconCell.swift */,
				57431359243D84BE00F95F96 /* ProductWithSmallIconCell.xib */,
			);
			path = Cell;
			sourceTree = "<group>";
		};
		5743130D243B660800F95F96 /* APIManagers */ = {
			isa = PBXGroup;
			children = (
				5743132A243B66D700F95F96 /* APIManager + Dependencies.swift */,
				5743132C243B6A0900F95F96 /* Requestable.swift */,
			);
			path = APIManagers;
			sourceTree = "<group>";
		};
		57431313243B668900F95F96 /* my-commerceUITests */ = {
			isa = PBXGroup;
			children = (
				57431314243B668900F95F96 /* my_commerceUITests.swift */,
				57431316243B668900F95F96 /* Info.plist */,
			);
			path = "my-commerceUITests";
			sourceTree = "<group>";
		};
		57431321243B66A300F95F96 /* my-commerceTests */ = {
			isa = PBXGroup;
			children = (
				57712DB7243EC45200D56A9D /* HomeViewModelTests.swift */,
				57712DB9243ECD4600D56A9D /* SearchViewModelTests.swift */,
				57712DBB243ED2A000D56A9D /* DetailViewModelTests.swift */,
				57712DBD243EDBFA00D56A9D /* PurchasedHistoryViewModelTests.swift */,
				57431324243B66A300F95F96 /* Info.plist */,
			);
			path = "my-commerceTests";
			sourceTree = "<group>";
		};
		5743132E243B6A2800F95F96 /* Enums */ = {
			isa = PBXGroup;
			children = (
				57431330243B6A3E00F95F96 /* Enums.swift */,
			);
			path = Enums;
			sourceTree = "<group>";
		};
		57431336243B759700F95F96 /* Protocol */ = {
			isa = PBXGroup;
			children = (
				57431334243B759300F95F96 /* CommonProtocols.swift */,
			);
			path = Protocol;
			sourceTree = "<group>";
		};
		57431341243C436100F95F96 /* Classes */ = {
			isa = PBXGroup;
			children = (
				57431342243C436A00F95F96 /* Managers */,
			);
			path = Classes;
			sourceTree = "<group>";
		};
		57431342243C436A00F95F96 /* Managers */ = {
			isa = PBXGroup;
			children = (
				57431343243C437300F95F96 /* ImageDownloader */,
			);
			path = Managers;
			sourceTree = "<group>";
		};
		57431343243C437300F95F96 /* ImageDownloader */ = {
			isa = PBXGroup;
			children = (
				57431344243C438600F95F96 /* ImageDownloader.swift */,
			);
			path = ImageDownloader;
			sourceTree = "<group>";
		};
		5743134A243CAE1A00F95F96 /* Extensions */ = {
			isa = PBXGroup;
			children = (
				5743134B243CAE2C00F95F96 /* UIViewController + Extensions.swift */,
				57431355243CC90200F95F96 /* UIView + Extensions.swift */,
				57431357243CCD9600F95F96 /* UISearchBar + Extensions.swift */,
			);
			path = Extensions;
			sourceTree = "<group>";
		};
		5743135B243D8D4F00F95F96 /* UserDefaults */ = {
			isa = PBXGroup;
			children = (
				5743135C243D8D6B00F95F96 /* UserDefaults.swift */,
			);
			path = UserDefaults;
			sourceTree = "<group>";
		};
		57431362243DC07F00F95F96 /* Utility */ = {
			isa = PBXGroup;
			children = (
				57431363243DC09600F95F96 /* Utility.swift */,
			);
			path = Utility;
			sourceTree = "<group>";
		};
		D01E817DBCD3DA3581260605 /* Frameworks */ = {
			isa = PBXGroup;
			children = (
				57712DAF243DF4FB00D56A9D /* FirebaseAuth.framework */,
				57712DA8243DF3E900D56A9D /* GTMSessionFetcher.framework */,
				57712DA4243DF3CA00D56A9D /* GTMSessionFetcher.framework */,
				B7EB9EFEE0B5048ED2922AD9 /* Pods_my_commerce.framework */,
				B9540FE7212D5F3F04D14583 /* Pods_my_commerce_my_commerceUITests.framework */,
				92E7058C412FD38216962DD3 /* Pods_my_commerceTests.framework */,
			);
			name = Frameworks;
			sourceTree = "<group>";
		};
		F40C2C2268390C5A4B19E1B3 /* Pods */ = {
			isa = PBXGroup;
			children = (
				04504B113D19D1F2789516CE /* Pods-my-commerce.debug.xcconfig */,
				64E6C8551679A54AF3B5BF0A /* Pods-my-commerce.release.xcconfig */,
				A3DF00BAFA88103B1034E30B /* Pods-my-commerce-my-commerceUITests.debug.xcconfig */,
				D1DD3A8BF0D912BFEE5B77A9 /* Pods-my-commerce-my-commerceUITests.release.xcconfig */,
				6E785FE8C3CF8DC537684A07 /* Pods-my-commerceTests.debug.xcconfig */,
				B42C720FC6870C05C91420AE /* Pods-my-commerceTests.release.xcconfig */,
			);
			path = Pods;
			sourceTree = "<group>";
		};
/* End PBXGroup section */

/* Begin PBXNativeTarget section */
		574312EB243B600700F95F96 /* my-commerce */ = {
			isa = PBXNativeTarget;
			buildConfigurationList = 57431300243B600900F95F96 /* Build configuration list for PBXNativeTarget "my-commerce" */;
			buildPhases = (
				362A90651528EE32759F8020 /* [CP] Check Pods Manifest.lock */,
				574312E8243B600700F95F96 /* Sources */,
				574312E9243B600700F95F96 /* Frameworks */,
				574312EA243B600700F95F96 /* Resources */,
				FCC2B153B6B4FB9155DB9F2E /* [CP] Embed Pods Frameworks */,
				A3F1D5CCAD002AC9ADB8E5EA /* [CP] Copy Pods Resources */,
			);
			buildRules = (
			);
			dependencies = (
			);
			name = "my-commerce";
			productName = "my-commerce";
			productReference = 574312EC243B600700F95F96 /* my-commerce.app */;
			productType = "com.apple.product-type.application";
		};
		57431311243B668900F95F96 /* my-commerceUITests */ = {
			isa = PBXNativeTarget;
			buildConfigurationList = 57431319243B668900F95F96 /* Build configuration list for PBXNativeTarget "my-commerceUITests" */;
			buildPhases = (
				A5B667FD84DD60547FA3E098 /* [CP] Check Pods Manifest.lock */,
				5743130E243B668900F95F96 /* Sources */,
				5743130F243B668900F95F96 /* Frameworks */,
				57431310243B668900F95F96 /* Resources */,
				8FE7AFD181452E407195B14D /* [CP] Embed Pods Frameworks */,
				8A7F487117DD75E264FC5778 /* [CP] Copy Pods Resources */,
			);
			buildRules = (
			);
			dependencies = (
				57431318243B668900F95F96 /* PBXTargetDependency */,
			);
			name = "my-commerceUITests";
			productName = "my-commerceUITests";
			productReference = 57431312243B668900F95F96 /* my-commerceUITests.xctest */;
			productType = "com.apple.product-type.bundle.ui-testing";
		};
		5743131F243B66A300F95F96 /* my-commerceTests */ = {
			isa = PBXNativeTarget;
			buildConfigurationList = 57431327243B66A300F95F96 /* Build configuration list for PBXNativeTarget "my-commerceTests" */;
			buildPhases = (
				4FA2C00C6CA91B1B63EB8463 /* [CP] Check Pods Manifest.lock */,
				5743131C243B66A300F95F96 /* Sources */,
				5743131D243B66A300F95F96 /* Frameworks */,
				5743131E243B66A300F95F96 /* Resources */,
			);
			buildRules = (
			);
			dependencies = (
				57431326243B66A300F95F96 /* PBXTargetDependency */,
			);
			name = "my-commerceTests";
			productName = "my-commerceTests";
			productReference = 57431320243B66A300F95F96 /* my-commerceTests.xctest */;
			productType = "com.apple.product-type.bundle.unit-test";
		};
/* End PBXNativeTarget section */

/* Begin PBXProject section */
		574312E4243B600700F95F96 /* Project object */ = {
			isa = PBXProject;
			attributes = {
				LastSwiftUpdateCheck = 1130;
				LastUpgradeCheck = 1130;
				ORGANIZATIONNAME = "Imanuel Pardosi";
				TargetAttributes = {
					574312EB243B600700F95F96 = {
						CreatedOnToolsVersion = 11.3.1;
					};
					57431311243B668900F95F96 = {
						CreatedOnToolsVersion = 11.3.1;
						TestTargetID = 574312EB243B600700F95F96;
					};
					5743131F243B66A300F95F96 = {
						CreatedOnToolsVersion = 11.3.1;
						TestTargetID = 574312EB243B600700F95F96;
					};
				};
			};
			buildConfigurationList = 574312E7243B600700F95F96 /* Build configuration list for PBXProject "my-commerce" */;
			compatibilityVersion = "Xcode 9.3";
			developmentRegion = en;
			hasScannedForEncodings = 0;
			knownRegions = (
				en,
				Base,
			);
			mainGroup = 574312E3243B600700F95F96;
			productRefGroup = 574312ED243B600700F95F96 /* Products */;
			projectDirPath = "";
			projectRoot = "";
			targets = (
				574312EB243B600700F95F96 /* my-commerce */,
				57431311243B668900F95F96 /* my-commerceUITests */,
				5743131F243B66A300F95F96 /* my-commerceTests */,
			);
		};
/* End PBXProject section */

/* Begin PBXResourcesBuildPhase section */
		574312EA243B600700F95F96 /* Resources */ = {
			isa = PBXResourcesBuildPhase;
			buildActionMask = 2147483647;
			files = (
				574312FC243B600900F95F96 /* LaunchScreen.storyboard in Resources */,
				5743135A243D84BE00F95F96 /* ProductWithSmallIconCell.xib in Resources */,
				574312F9243B600900F95F96 /* Assets.xcassets in Resources */,
				574312F7243B600700F95F96 /* Main.storyboard in Resources */,
				57712DB4243E089500D56A9D /* GoogleService-Info.plist in Resources */,
			);
			runOnlyForDeploymentPostprocessing = 0;
		};
		57431310243B668900F95F96 /* Resources */ = {
			isa = PBXResourcesBuildPhase;
			buildActionMask = 2147483647;
			files = (
			);
			runOnlyForDeploymentPostprocessing = 0;
		};
		5743131E243B66A300F95F96 /* Resources */ = {
			isa = PBXResourcesBuildPhase;
			buildActionMask = 2147483647;
			files = (
			);
			runOnlyForDeploymentPostprocessing = 0;
		};
/* End PBXResourcesBuildPhase section */

/* Begin PBXShellScriptBuildPhase section */
		362A90651528EE32759F8020 /* [CP] Check Pods Manifest.lock */ = {
			isa = PBXShellScriptBuildPhase;
			buildActionMask = 2147483647;
			files = (
			);
			inputFileListPaths = (
			);
			inputPaths = (
				"${PODS_PODFILE_DIR_PATH}/Podfile.lock",
				"${PODS_ROOT}/Manifest.lock",
			);
			name = "[CP] Check Pods Manifest.lock";
			outputFileListPaths = (
			);
			outputPaths = (
				"$(DERIVED_FILE_DIR)/Pods-my-commerce-checkManifestLockResult.txt",
			);
			runOnlyForDeploymentPostprocessing = 0;
			shellPath = /bin/sh;
			shellScript = "diff \"${PODS_PODFILE_DIR_PATH}/Podfile.lock\" \"${PODS_ROOT}/Manifest.lock\" > /dev/null\nif [ $? != 0 ] ; then\n    # print error to STDERR\n    echo \"error: The sandbox is not in sync with the Podfile.lock. Run 'pod install' or update your CocoaPods installation.\" >&2\n    exit 1\nfi\n# This output is used by Xcode 'outputs' to avoid re-running this script phase.\necho \"SUCCESS\" > \"${SCRIPT_OUTPUT_FILE_0}\"\n";
			showEnvVarsInLog = 0;
		};
		4FA2C00C6CA91B1B63EB8463 /* [CP] Check Pods Manifest.lock */ = {
			isa = PBXShellScriptBuildPhase;
			buildActionMask = 2147483647;
			files = (
			);
			inputFileListPaths = (
			);
			inputPaths = (
				"${PODS_PODFILE_DIR_PATH}/Podfile.lock",
				"${PODS_ROOT}/Manifest.lock",
			);
			name = "[CP] Check Pods Manifest.lock";
			outputFileListPaths = (
			);
			outputPaths = (
				"$(DERIVED_FILE_DIR)/Pods-my-commerceTests-checkManifestLockResult.txt",
			);
			runOnlyForDeploymentPostprocessing = 0;
			shellPath = /bin/sh;
			shellScript = "diff \"${PODS_PODFILE_DIR_PATH}/Podfile.lock\" \"${PODS_ROOT}/Manifest.lock\" > /dev/null\nif [ $? != 0 ] ; then\n    # print error to STDERR\n    echo \"error: The sandbox is not in sync with the Podfile.lock. Run 'pod install' or update your CocoaPods installation.\" >&2\n    exit 1\nfi\n# This output is used by Xcode 'outputs' to avoid re-running this script phase.\necho \"SUCCESS\" > \"${SCRIPT_OUTPUT_FILE_0}\"\n";
			showEnvVarsInLog = 0;
		};
		8A7F487117DD75E264FC5778 /* [CP] Copy Pods Resources */ = {
			isa = PBXShellScriptBuildPhase;
			buildActionMask = 2147483647;
			files = (
			);
			inputFileListPaths = (
				"${PODS_ROOT}/Target Support Files/Pods-my-commerce-my-commerceUITests/Pods-my-commerce-my-commerceUITests-resources-${CONFIGURATION}-input-files.xcfilelist",
			);
			name = "[CP] Copy Pods Resources";
			outputFileListPaths = (
				"${PODS_ROOT}/Target Support Files/Pods-my-commerce-my-commerceUITests/Pods-my-commerce-my-commerceUITests-resources-${CONFIGURATION}-output-files.xcfilelist",
			);
			runOnlyForDeploymentPostprocessing = 0;
			shellPath = /bin/sh;
			shellScript = "\"${PODS_ROOT}/Target Support Files/Pods-my-commerce-my-commerceUITests/Pods-my-commerce-my-commerceUITests-resources.sh\"\n";
			showEnvVarsInLog = 0;
		};
		8FE7AFD181452E407195B14D /* [CP] Embed Pods Frameworks */ = {
			isa = PBXShellScriptBuildPhase;
			buildActionMask = 2147483647;
			files = (
			);
			inputFileListPaths = (
				"${PODS_ROOT}/Target Support Files/Pods-my-commerce-my-commerceUITests/Pods-my-commerce-my-commerceUITests-frameworks-${CONFIGURATION}-input-files.xcfilelist",
			);
			name = "[CP] Embed Pods Frameworks";
			outputFileListPaths = (
				"${PODS_ROOT}/Target Support Files/Pods-my-commerce-my-commerceUITests/Pods-my-commerce-my-commerceUITests-frameworks-${CONFIGURATION}-output-files.xcfilelist",
			);
			runOnlyForDeploymentPostprocessing = 0;
			shellPath = /bin/sh;
			shellScript = "\"${PODS_ROOT}/Target Support Files/Pods-my-commerce-my-commerceUITests/Pods-my-commerce-my-commerceUITests-frameworks.sh\"\n";
			showEnvVarsInLog = 0;
		};
		A3F1D5CCAD002AC9ADB8E5EA /* [CP] Copy Pods Resources */ = {
			isa = PBXShellScriptBuildPhase;
			buildActionMask = 2147483647;
			files = (
			);
			inputFileListPaths = (
				"${PODS_ROOT}/Target Support Files/Pods-my-commerce/Pods-my-commerce-resources-${CONFIGURATION}-input-files.xcfilelist",
			);
			name = "[CP] Copy Pods Resources";
			outputFileListPaths = (
				"${PODS_ROOT}/Target Support Files/Pods-my-commerce/Pods-my-commerce-resources-${CONFIGURATION}-output-files.xcfilelist",
			);
			runOnlyForDeploymentPostprocessing = 0;
			shellPath = /bin/sh;
			shellScript = "\"${PODS_ROOT}/Target Support Files/Pods-my-commerce/Pods-my-commerce-resources.sh\"\n";
			showEnvVarsInLog = 0;
		};
		A5B667FD84DD60547FA3E098 /* [CP] Check Pods Manifest.lock */ = {
			isa = PBXShellScriptBuildPhase;
			buildActionMask = 2147483647;
			files = (
			);
			inputFileListPaths = (
			);
			inputPaths = (
				"${PODS_PODFILE_DIR_PATH}/Podfile.lock",
				"${PODS_ROOT}/Manifest.lock",
			);
			name = "[CP] Check Pods Manifest.lock";
			outputFileListPaths = (
			);
			outputPaths = (
				"$(DERIVED_FILE_DIR)/Pods-my-commerce-my-commerceUITests-checkManifestLockResult.txt",
			);
			runOnlyForDeploymentPostprocessing = 0;
			shellPath = /bin/sh;
			shellScript = "diff \"${PODS_PODFILE_DIR_PATH}/Podfile.lock\" \"${PODS_ROOT}/Manifest.lock\" > /dev/null\nif [ $? != 0 ] ; then\n    # print error to STDERR\n    echo \"error: The sandbox is not in sync with the Podfile.lock. Run 'pod install' or update your CocoaPods installation.\" >&2\n    exit 1\nfi\n# This output is used by Xcode 'outputs' to avoid re-running this script phase.\necho \"SUCCESS\" > \"${SCRIPT_OUTPUT_FILE_0}\"\n";
			showEnvVarsInLog = 0;
		};
		FCC2B153B6B4FB9155DB9F2E /* [CP] Embed Pods Frameworks */ = {
			isa = PBXShellScriptBuildPhase;
			buildActionMask = 2147483647;
			files = (
			);
			inputFileListPaths = (
				"${PODS_ROOT}/Target Support Files/Pods-my-commerce/Pods-my-commerce-frameworks-${CONFIGURATION}-input-files.xcfilelist",
			);
			name = "[CP] Embed Pods Frameworks";
			outputFileListPaths = (
				"${PODS_ROOT}/Target Support Files/Pods-my-commerce/Pods-my-commerce-frameworks-${CONFIGURATION}-output-files.xcfilelist",
			);
			runOnlyForDeploymentPostprocessing = 0;
			shellPath = /bin/sh;
			shellScript = "\"${PODS_ROOT}/Target Support Files/Pods-my-commerce/Pods-my-commerce-frameworks.sh\"\n";
			showEnvVarsInLog = 0;
		};
/* End PBXShellScriptBuildPhase section */

/* Begin PBXSourcesBuildPhase section */
		574312E8243B600700F95F96 /* Sources */ = {
			isa = PBXSourcesBuildPhase;
			buildActionMask = 2147483647;
			files = (
				57431364243DC09600F95F96 /* Utility.swift in Sources */,
				5743133E243C26B800F95F96 /* CategoryCell.swift in Sources */,
				57431347243CA60B00F95F96 /* ProductWithSmallIconCell.swift in Sources */,
				57431354243CB8BC00F95F96 /* TabBarViewController.swift in Sources */,
				57431352243CB48C00F95F96 /* PurchasedHistoryViewController.swift in Sources */,
				57431361243DA9E100F95F96 /* PurchasedHistoryViewModel.swift in Sources */,
				57431350243CB39B00F95F96 /* ProfileViewController.swift in Sources */,
				57431345243C438600F95F96 /* ImageDownloader.swift in Sources */,
				5743135D243D8D6B00F95F96 /* UserDefaults.swift in Sources */,
				574312F4243B600700F95F96 /* HomeViewController.swift in Sources */,
				57431335243B759300F95F96 /* CommonProtocols.swift in Sources */,
				5743135F243D9B5200F95F96 /* DetailViewModel.swift in Sources */,
				5743130C243B632600F95F96 /* Category + Product Model.swift in Sources */,
				57431338243B75E600F95F96 /* HomeViewModel.swift in Sources */,
				57431340243C28AF00F95F96 /* ProductCell.swift in Sources */,
				574312F0243B600700F95F96 /* AppDelegate.swift in Sources */,
				57431356243CC90200F95F96 /* UIView + Extensions.swift in Sources */,
				5743132D243B6A0900F95F96 /* Requestable.swift in Sources */,
				5743134E243CB21F00F95F96 /* DetailViewController.swift in Sources */,
				5743134C243CAE2C00F95F96 /* UIViewController + Extensions.swift in Sources */,
				5743133C243C1FD500F95F96 /* SearchViewController.swift in Sources */,
				57431331243B6A3E00F95F96 /* Enums.swift in Sources */,
				574312F2243B600700F95F96 /* SceneDelegate.swift in Sources */,
				57431333243B71EB00F95F96 /* APIRequest.swift in Sources */,
				57431349243CA70C00F95F96 /* SearchViewModel.swift in Sources */,
				57431358243CCD9600F95F96 /* UISearchBar + Extensions.swift in Sources */,
				5743132B243B66D700F95F96 /* APIManager + Dependencies.swift in Sources */,
				5743133A243C170200F95F96 /* LoginViewController.swift in Sources */,
			);
			runOnlyForDeploymentPostprocessing = 0;
		};
		5743130E243B668900F95F96 /* Sources */ = {
			isa = PBXSourcesBuildPhase;
			buildActionMask = 2147483647;
			files = (
				57431315243B668900F95F96 /* my_commerceUITests.swift in Sources */,
			);
			runOnlyForDeploymentPostprocessing = 0;
		};
		5743131C243B66A300F95F96 /* Sources */ = {
			isa = PBXSourcesBuildPhase;
			buildActionMask = 2147483647;
			files = (
				57712DBA243ECD4600D56A9D /* SearchViewModelTests.swift in Sources */,
				57712DB8243EC45200D56A9D /* HomeViewModelTests.swift in Sources */,
				57712DBC243ED2A000D56A9D /* DetailViewModelTests.swift in Sources */,
				57712DBE243EDBFA00D56A9D /* PurchasedHistoryViewModelTests.swift in Sources */,
			);
			runOnlyForDeploymentPostprocessing = 0;
		};
/* End PBXSourcesBuildPhase section */

/* Begin PBXTargetDependency section */
		57431318243B668900F95F96 /* PBXTargetDependency */ = {
			isa = PBXTargetDependency;
			target = 574312EB243B600700F95F96 /* my-commerce */;
			targetProxy = 57431317243B668900F95F96 /* PBXContainerItemProxy */;
		};
		57431326243B66A300F95F96 /* PBXTargetDependency */ = {
			isa = PBXTargetDependency;
			target = 574312EB243B600700F95F96 /* my-commerce */;
			targetProxy = 57431325243B66A300F95F96 /* PBXContainerItemProxy */;
		};
/* End PBXTargetDependency section */

/* Begin PBXVariantGroup section */
		574312F5243B600700F95F96 /* Main.storyboard */ = {
			isa = PBXVariantGroup;
			children = (
				574312F6243B600700F95F96 /* Base */,
			);
			name = Main.storyboard;
			sourceTree = "<group>";
		};
		574312FA243B600900F95F96 /* LaunchScreen.storyboard */ = {
			isa = PBXVariantGroup;
			children = (
				574312FB243B600900F95F96 /* Base */,
			);
			name = LaunchScreen.storyboard;
			sourceTree = "<group>";
		};
/* End PBXVariantGroup section */

/* Begin XCBuildConfiguration section */
		574312FE243B600900F95F96 /* Debug */ = {
			isa = XCBuildConfiguration;
			buildSettings = {
				ALWAYS_SEARCH_USER_PATHS = NO;
				CLANG_ANALYZER_NONNULL = YES;
				CLANG_ANALYZER_NUMBER_OBJECT_CONVERSION = YES_AGGRESSIVE;
				CLANG_CXX_LANGUAGE_STANDARD = "gnu++14";
				CLANG_CXX_LIBRARY = "libc++";
				CLANG_ENABLE_MODULES = YES;
				CLANG_ENABLE_OBJC_ARC = YES;
				CLANG_ENABLE_OBJC_WEAK = YES;
				CLANG_WARN_BLOCK_CAPTURE_AUTORELEASING = YES;
				CLANG_WARN_BOOL_CONVERSION = YES;
				CLANG_WARN_COMMA = YES;
				CLANG_WARN_CONSTANT_CONVERSION = YES;
				CLANG_WARN_DEPRECATED_OBJC_IMPLEMENTATIONS = YES;
				CLANG_WARN_DIRECT_OBJC_ISA_USAGE = YES_ERROR;
				CLANG_WARN_DOCUMENTATION_COMMENTS = YES;
				CLANG_WARN_EMPTY_BODY = YES;
				CLANG_WARN_ENUM_CONVERSION = YES;
				CLANG_WARN_INFINITE_RECURSION = YES;
				CLANG_WARN_INT_CONVERSION = YES;
				CLANG_WARN_NON_LITERAL_NULL_CONVERSION = YES;
				CLANG_WARN_OBJC_IMPLICIT_RETAIN_SELF = YES;
				CLANG_WARN_OBJC_LITERAL_CONVERSION = YES;
				CLANG_WARN_OBJC_ROOT_CLASS = YES_ERROR;
				CLANG_WARN_RANGE_LOOP_ANALYSIS = YES;
				CLANG_WARN_STRICT_PROTOTYPES = YES;
				CLANG_WARN_SUSPICIOUS_MOVE = YES;
				CLANG_WARN_UNGUARDED_AVAILABILITY = YES_AGGRESSIVE;
				CLANG_WARN_UNREACHABLE_CODE = YES;
				CLANG_WARN__DUPLICATE_METHOD_MATCH = YES;
				COPY_PHASE_STRIP = NO;
				DEBUG_INFORMATION_FORMAT = dwarf;
				ENABLE_STRICT_OBJC_MSGSEND = YES;
				ENABLE_TESTABILITY = YES;
				GCC_C_LANGUAGE_STANDARD = gnu11;
				GCC_DYNAMIC_NO_PIC = NO;
				GCC_NO_COMMON_BLOCKS = YES;
				GCC_OPTIMIZATION_LEVEL = 0;
				GCC_PREPROCESSOR_DEFINITIONS = (
					"DEBUG=1",
					"$(inherited)",
				);
				GCC_WARN_64_TO_32_BIT_CONVERSION = YES;
				GCC_WARN_ABOUT_RETURN_TYPE = YES_ERROR;
				GCC_WARN_UNDECLARED_SELECTOR = YES;
				GCC_WARN_UNINITIALIZED_AUTOS = YES_AGGRESSIVE;
				GCC_WARN_UNUSED_FUNCTION = YES;
				GCC_WARN_UNUSED_VARIABLE = YES;
				IPHONEOS_DEPLOYMENT_TARGET = 13.0;
				MTL_ENABLE_DEBUG_INFO = INCLUDE_SOURCE;
				MTL_FAST_MATH = YES;
				ONLY_ACTIVE_ARCH = YES;
				SDKROOT = iphoneos;
				SWIFT_ACTIVE_COMPILATION_CONDITIONS = DEBUG;
				SWIFT_OPTIMIZATION_LEVEL = "-Onone";
			};
			name = Debug;
		};
		574312FF243B600900F95F96 /* Release */ = {
			isa = XCBuildConfiguration;
			buildSettings = {
				ALWAYS_SEARCH_USER_PATHS = NO;
				CLANG_ANALYZER_NONNULL = YES;
				CLANG_ANALYZER_NUMBER_OBJECT_CONVERSION = YES_AGGRESSIVE;
				CLANG_CXX_LANGUAGE_STANDARD = "gnu++14";
				CLANG_CXX_LIBRARY = "libc++";
				CLANG_ENABLE_MODULES = YES;
				CLANG_ENABLE_OBJC_ARC = YES;
				CLANG_ENABLE_OBJC_WEAK = YES;
				CLANG_WARN_BLOCK_CAPTURE_AUTORELEASING = YES;
				CLANG_WARN_BOOL_CONVERSION = YES;
				CLANG_WARN_COMMA = YES;
				CLANG_WARN_CONSTANT_CONVERSION = YES;
				CLANG_WARN_DEPRECATED_OBJC_IMPLEMENTATIONS = YES;
				CLANG_WARN_DIRECT_OBJC_ISA_USAGE = YES_ERROR;
				CLANG_WARN_DOCUMENTATION_COMMENTS = YES;
				CLANG_WARN_EMPTY_BODY = YES;
				CLANG_WARN_ENUM_CONVERSION = YES;
				CLANG_WARN_INFINITE_RECURSION = YES;
				CLANG_WARN_INT_CONVERSION = YES;
				CLANG_WARN_NON_LITERAL_NULL_CONVERSION = YES;
				CLANG_WARN_OBJC_IMPLICIT_RETAIN_SELF = YES;
				CLANG_WARN_OBJC_LITERAL_CONVERSION = YES;
				CLANG_WARN_OBJC_ROOT_CLASS = YES_ERROR;
				CLANG_WARN_RANGE_LOOP_ANALYSIS = YES;
				CLANG_WARN_STRICT_PROTOTYPES = YES;
				CLANG_WARN_SUSPICIOUS_MOVE = YES;
				CLANG_WARN_UNGUARDED_AVAILABILITY = YES_AGGRESSIVE;
				CLANG_WARN_UNREACHABLE_CODE = YES;
				CLANG_WARN__DUPLICATE_METHOD_MATCH = YES;
				COPY_PHASE_STRIP = NO;
				DEBUG_INFORMATION_FORMAT = "dwarf-with-dsym";
				ENABLE_NS_ASSERTIONS = NO;
				ENABLE_STRICT_OBJC_MSGSEND = YES;
				GCC_C_LANGUAGE_STANDARD = gnu11;
				GCC_NO_COMMON_BLOCKS = YES;
				GCC_WARN_64_TO_32_BIT_CONVERSION = YES;
				GCC_WARN_ABOUT_RETURN_TYPE = YES_ERROR;
				GCC_WARN_UNDECLARED_SELECTOR = YES;
				GCC_WARN_UNINITIALIZED_AUTOS = YES_AGGRESSIVE;
				GCC_WARN_UNUSED_FUNCTION = YES;
				GCC_WARN_UNUSED_VARIABLE = YES;
				IPHONEOS_DEPLOYMENT_TARGET = 13.0;
				MTL_ENABLE_DEBUG_INFO = NO;
				MTL_FAST_MATH = YES;
				SDKROOT = iphoneos;
				SWIFT_COMPILATION_MODE = wholemodule;
				SWIFT_OPTIMIZATION_LEVEL = "-O";
				VALIDATE_PRODUCT = YES;
			};
			name = Release;
		};
		57431301243B600900F95F96 /* Debug */ = {
			isa = XCBuildConfiguration;
			baseConfigurationReference = 04504B113D19D1F2789516CE /* Pods-my-commerce.debug.xcconfig */;
			buildSettings = {
				ASSETCATALOG_COMPILER_APPICON_NAME = AppIcon;
				CODE_SIGN_STYLE = Automatic;
				DEVELOPMENT_TEAM = 977P386PMQ;
				INFOPLIST_FILE = "my-commerce/Info.plist";
				LD_RUNPATH_SEARCH_PATHS = (
					"$(inherited)",
					"@executable_path/Frameworks",
				);
				PRODUCT_BUNDLE_IDENTIFIER = "ipardosi.my-commerce";
				PRODUCT_NAME = "$(TARGET_NAME)";
				SWIFT_VERSION = 5.0;
				TARGETED_DEVICE_FAMILY = "1,2";
			};
			name = Debug;
		};
		57431302243B600900F95F96 /* Release */ = {
			isa = XCBuildConfiguration;
			baseConfigurationReference = 64E6C8551679A54AF3B5BF0A /* Pods-my-commerce.release.xcconfig */;
			buildSettings = {
				ASSETCATALOG_COMPILER_APPICON_NAME = AppIcon;
				CODE_SIGN_STYLE = Automatic;
				DEVELOPMENT_TEAM = 977P386PMQ;
				INFOPLIST_FILE = "my-commerce/Info.plist";
				LD_RUNPATH_SEARCH_PATHS = (
					"$(inherited)",
					"@executable_path/Frameworks",
				);
				PRODUCT_BUNDLE_IDENTIFIER = "ipardosi.my-commerce";
				PRODUCT_NAME = "$(TARGET_NAME)";
				SWIFT_VERSION = 5.0;
				TARGETED_DEVICE_FAMILY = "1,2";
			};
			name = Release;
		};
		5743131A243B668900F95F96 /* Debug */ = {
			isa = XCBuildConfiguration;
			baseConfigurationReference = A3DF00BAFA88103B1034E30B /* Pods-my-commerce-my-commerceUITests.debug.xcconfig */;
			buildSettings = {
				CODE_SIGN_STYLE = Automatic;
				DEVELOPMENT_TEAM = FNX75RVB29;
				INFOPLIST_FILE = "my-commerceUITests/Info.plist";
				LD_RUNPATH_SEARCH_PATHS = (
					"$(inherited)",
					"@executable_path/Frameworks",
					"@loader_path/Frameworks",
				);
				PRODUCT_BUNDLE_IDENTIFIER = "ipardosi.my-commerceUITests";
				PRODUCT_NAME = "$(TARGET_NAME)";
				SWIFT_VERSION = 5.0;
				TARGETED_DEVICE_FAMILY = "1,2";
				TEST_TARGET_NAME = "my-commerce";
			};
			name = Debug;
		};
		5743131B243B668900F95F96 /* Release */ = {
			isa = XCBuildConfiguration;
			baseConfigurationReference = D1DD3A8BF0D912BFEE5B77A9 /* Pods-my-commerce-my-commerceUITests.release.xcconfig */;
			buildSettings = {
				CODE_SIGN_STYLE = Automatic;
				DEVELOPMENT_TEAM = FNX75RVB29;
				INFOPLIST_FILE = "my-commerceUITests/Info.plist";
				LD_RUNPATH_SEARCH_PATHS = (
					"$(inherited)",
					"@executable_path/Frameworks",
					"@loader_path/Frameworks",
				);
				PRODUCT_BUNDLE_IDENTIFIER = "ipardosi.my-commerceUITests";
				PRODUCT_NAME = "$(TARGET_NAME)";
				SWIFT_VERSION = 5.0;
				TARGETED_DEVICE_FAMILY = "1,2";
				TEST_TARGET_NAME = "my-commerce";
			};
			name = Release;
		};
		57431328243B66A300F95F96 /* Debug */ = {
			isa = XCBuildConfiguration;
			baseConfigurationReference = 6E785FE8C3CF8DC537684A07 /* Pods-my-commerceTests.debug.xcconfig */;
			buildSettings = {
				BUNDLE_LOADER = "$(TEST_HOST)";
				CODE_SIGN_STYLE = Automatic;
				DEVELOPMENT_TEAM = FNX75RVB29;
				INFOPLIST_FILE = "my-commerceTests/Info.plist";
				LD_RUNPATH_SEARCH_PATHS = (
					"$(inherited)",
					"@executable_path/Frameworks",
					"@loader_path/Frameworks",
				);
				PRODUCT_BUNDLE_IDENTIFIER = "ipardosi.my-commerceTests";
				PRODUCT_NAME = "$(TARGET_NAME)";
				SWIFT_VERSION = 5.0;
				TARGETED_DEVICE_FAMILY = "1,2";
				TEST_HOST = "$(BUILT_PRODUCTS_DIR)/my-commerce.app/my-commerce";
			};
			name = Debug;
		};
		57431329243B66A300F95F96 /* Release */ = {
			isa = XCBuildConfiguration;
			baseConfigurationReference = B42C720FC6870C05C91420AE /* Pods-my-commerceTests.release.xcconfig */;
			buildSettings = {
				BUNDLE_LOADER = "$(TEST_HOST)";
				CODE_SIGN_STYLE = Automatic;
				DEVELOPMENT_TEAM = FNX75RVB29;
				INFOPLIST_FILE = "my-commerceTests/Info.plist";
				LD_RUNPATH_SEARCH_PATHS = (
					"$(inherited)",
					"@executable_path/Frameworks",
					"@loader_path/Frameworks",
				);
				PRODUCT_BUNDLE_IDENTIFIER = "ipardosi.my-commerceTests";
				PRODUCT_NAME = "$(TARGET_NAME)";
				SWIFT_VERSION = 5.0;
				TARGETED_DEVICE_FAMILY = "1,2";
				TEST_HOST = "$(BUILT_PRODUCTS_DIR)/my-commerce.app/my-commerce";
			};
			name = Release;
		};
/* End XCBuildConfiguration section */

/* Begin XCConfigurationList section */
		574312E7243B600700F95F96 /* Build configuration list for PBXProject "my-commerce" */ = {
			isa = XCConfigurationList;
			buildConfigurations = (
				574312FE243B600900F95F96 /* Debug */,
				574312FF243B600900F95F96 /* Release */,
			);
			defaultConfigurationIsVisible = 0;
			defaultConfigurationName = Release;
		};
		57431300243B600900F95F96 /* Build configuration list for PBXNativeTarget "my-commerce" */ = {
			isa = XCConfigurationList;
			buildConfigurations = (
				57431301243B600900F95F96 /* Debug */,
				57431302243B600900F95F96 /* Release */,
			);
			defaultConfigurationIsVisible = 0;
			defaultConfigurationName = Release;
		};
		57431319243B668900F95F96 /* Build configuration list for PBXNativeTarget "my-commerceUITests" */ = {
			isa = XCConfigurationList;
			buildConfigurations = (
				5743131A243B668900F95F96 /* Debug */,
				5743131B243B668900F95F96 /* Release */,
			);
			defaultConfigurationIsVisible = 0;
			defaultConfigurationName = Release;
		};
		57431327243B66A300F95F96 /* Build configuration list for PBXNativeTarget "my-commerceTests" */ = {
			isa = XCConfigurationList;
			buildConfigurations = (
				57431328243B66A300F95F96 /* Debug */,
				57431329243B66A300F95F96 /* Release */,
			);
			defaultConfigurationIsVisible = 0;
			defaultConfigurationName = Release;
		};
/* End XCConfigurationList section */
	};
	rootObject = 574312E4243B600700F95F96 /* Project object */;
}
